
Microsoft Visual Studio Solution File, Format Version 12.00
# Visual Studio Version 17
VisualStudioVersion = 17.5.002.0
MinimumVisualStudioVersion = 10.0.40219.1
Project("{9A19103F-16F7-4668-BE54-9A1E7A4F7556}") = "server", "server\server.csproj", "{C1D87F5A-D490-47B6-84A6-E79820E71718}"
EndProject
Global
	GlobalSection(SolutionConfigurationPlatforms) = preSolution
		Debug|Any CPU = Debug|Any CPU
		Release|Any CPU = Release|Any CPU
	EndGlobalSection
	GlobalSection(ProjectConfigurationPlatforms) = postSolution
		{C1D87F5A-D490-47B6-84A6-E79820E71718}.Debug|Any CPU.ActiveCfg = Debug|Any CPU
		{C1D87F5A-D490-47B6-84A6-E79820E71718}.Debug|Any CPU.Build.0 = Debug|Any CPU
		{C1D87F5A-D490-47B6-84A6-E79820E71718}.Release|Any CPU.ActiveCfg = Release|Any CPU
		{C1D87F5A-D490-47B6-84A6-E79820E71718}.Release|Any CPU.Build.0 = Release|Any CPU
	EndGlobalSection
	GlobalSection(SolutionProperties) = preSolution
		HideSolutionNode = FALSE
	EndGlobalSection
	GlobalSection(ExtensibilityGlobals) = postSolution
		SolutionGuid = {F8C76428-E227-426A-9674-A25DC6F9638A}
	EndGlobalSection
EndGlobal
